
Microsoft Visual Studio Solution File, Format Version 12.00
# Visual Studio 14
VisualStudioVersion = 14.0.25420.1
MinimumVisualStudioVersion = 10.0.40219.1
Project("{8BC9CEB8-8B4A-11D0-8D11-00A0C91BC942}") = "surface", "surface\surface.vcxproj", "{0F5FFA5F-785B-405D-BD47-8DFE2D84CEDE}"
EndProject
Project("{8BC9CEB8-8B4A-11D0-8D11-00A0C91BC942}") = "app", "app\app.vcxproj", "{C50D9870-9F88-4996-88E2-C6CE1B11BF2E}"
	ProjectSection(ProjectDependencies) = postProject
		{0F5FFA5F-785B-405D-BD47-8DFE2D84CEDE} = {0F5FFA5F-785B-405D-BD47-8DFE2D84CEDE}
		{027A0C69-77A5-4E61-949C-A834F0525216} = {027A0C69-77A5-4E61-949C-A834F0525216}
	EndProjectSection
EndProject
Project("{2150E333-8FDC-42A3-9474-1A3956D46DE8}") = "UnitTest", "UnitTest", "{C161F7C4-B228-4386-9F26-47709708DF07}"
EndProject
Project("{8BC9CEB8-8B4A-11D0-8D11-00A0C91BC942}") = "MeshGenTest", "test\MeshGenTest\MeshGenTest.vcxproj", "{32D9A3BD-D68A-4F71-AB5A-7B855A5D7600}"
	ProjectSection(ProjectDependencies) = postProject
		{0F5FFA5F-785B-405D-BD47-8DFE2D84CEDE} = {0F5FFA5F-785B-405D-BD47-8DFE2D84CEDE}
		{FD04F2E2-DA2F-4C84-AA74-D9FCCDBD1BF0} = {FD04F2E2-DA2F-4C84-AA74-D9FCCDBD1BF0}
	EndProjectSection
EndProject
Project("{8BC9CEB8-8B4A-11D0-8D11-00A0C91BC942}") = "render2", "render2\render2.vcxproj", "{027A0C69-77A5-4E61-949C-A834F0525216}"
	ProjectSection(ProjectDependencies) = postProject
		{0F5FFA5F-785B-405D-BD47-8DFE2D84CEDE} = {0F5FFA5F-785B-405D-BD47-8DFE2D84CEDE}
		{FD04F2E2-DA2F-4C84-AA74-D9FCCDBD1BF0} = {FD04F2E2-DA2F-4C84-AA74-D9FCCDBD1BF0}
	EndProjectSection
EndProject
Project("{8BC9CEB8-8B4A-11D0-8D11-00A0C91BC942}") = "utils", "utils\utils.vcxproj", "{FD04F2E2-DA2F-4C84-AA74-D9FCCDBD1BF0}"
EndProject
Project("{8BC9CEB8-8B4A-11D0-8D11-00A0C91BC942}") = "MeshGenTest2", "test\MeshGenTest2\MeshGenTest2.vcxproj", "{ADD5350F-D378-4D78-93CB-A6AF22907FCD}"
EndProject
Global
	GlobalSection(SolutionConfigurationPlatforms) = preSolution
		Debug|Any CPU = Debug|Any CPU
		Debug|x64 = Debug|x64
		Debug|x86 = Debug|x86
		Release|Any CPU = Release|Any CPU
		Release|x64 = Release|x64
		Release|x86 = Release|x86
	EndGlobalSection
	GlobalSection(ProjectConfigurationPlatforms) = postSolution
		{0F5FFA5F-785B-405D-BD47-8DFE2D84CEDE}.Debug|Any CPU.ActiveCfg = Debug|Win32
		{0F5FFA5F-785B-405D-BD47-8DFE2D84CEDE}.Debug|x64.ActiveCfg = Debug|x64
		{0F5FFA5F-785B-405D-BD47-8DFE2D84CEDE}.Debug|x64.Build.0 = Debug|x64
		{0F5FFA5F-785B-405D-BD47-8DFE2D84CEDE}.Debug|x86.ActiveCfg = Debug|Win32
		{0F5FFA5F-785B-405D-BD47-8DFE2D84CEDE}.Debug|x86.Build.0 = Debug|Win32
		{0F5FFA5F-785B-405D-BD47-8DFE2D84CEDE}.Release|Any CPU.ActiveCfg = Release|Win32
		{0F5FFA5F-785B-405D-BD47-8DFE2D84CEDE}.Release|x64.ActiveCfg = Release|x64
		{0F5FFA5F-785B-405D-BD47-8DFE2D84CEDE}.Release|x64.Build.0 = Release|x64
		{0F5FFA5F-785B-405D-BD47-8DFE2D84CEDE}.Release|x86.ActiveCfg = Release|Win32
		{0F5FFA5F-785B-405D-BD47-8DFE2D84CEDE}.Release|x86.Build.0 = Release|Win32
		{C50D9870-9F88-4996-88E2-C6CE1B11BF2E}.Debug|Any CPU.ActiveCfg = Debug|Win32
		{C50D9870-9F88-4996-88E2-C6CE1B11BF2E}.Debug|x64.ActiveCfg = Debug|x64
		{C50D9870-9F88-4996-88E2-C6CE1B11BF2E}.Debug|x64.Build.0 = Debug|x64
		{C50D9870-9F88-4996-88E2-C6CE1B11BF2E}.Debug|x86.ActiveCfg = Debug|Win32
		{C50D9870-9F88-4996-88E2-C6CE1B11BF2E}.Debug|x86.Build.0 = Debug|Win32
		{C50D9870-9F88-4996-88E2-C6CE1B11BF2E}.Release|Any CPU.ActiveCfg = Release|Win32
		{C50D9870-9F88-4996-88E2-C6CE1B11BF2E}.Release|x64.ActiveCfg = Release|x64
		{C50D9870-9F88-4996-88E2-C6CE1B11BF2E}.Release|x64.Build.0 = Release|x64
		{C50D9870-9F88-4996-88E2-C6CE1B11BF2E}.Release|x86.ActiveCfg = Release|Win32
		{C50D9870-9F88-4996-88E2-C6CE1B11BF2E}.Release|x86.Build.0 = Release|Win32
		{32D9A3BD-D68A-4F71-AB5A-7B855A5D7600}.Debug|Any CPU.ActiveCfg = Debug|Win32
		{32D9A3BD-D68A-4F71-AB5A-7B855A5D7600}.Debug|x64.ActiveCfg = Debug|x64
		{32D9A3BD-D68A-4F71-AB5A-7B855A5D7600}.Debug|x64.Build.0 = Debug|x64
		{32D9A3BD-D68A-4F71-AB5A-7B855A5D7600}.Debug|x86.ActiveCfg = Debug|Win32
		{32D9A3BD-D68A-4F71-AB5A-7B855A5D7600}.Debug|x86.Build.0 = Debug|Win32
		{32D9A3BD-D68A-4F71-AB5A-7B855A5D7600}.Release|Any CPU.ActiveCfg = Release|Win32
		{32D9A3BD-D68A-4F71-AB5A-7B855A5D7600}.Release|x64.ActiveCfg = Release|x64
		{32D9A3BD-D68A-4F71-AB5A-7B855A5D7600}.Release|x64.Build.0 = Release|x64
		{32D9A3BD-D68A-4F71-AB5A-7B855A5D7600}.Release|x86.ActiveCfg = Release|Win32
		{32D9A3BD-D68A-4F71-AB5A-7B855A5D7600}.Release|x86.Build.0 = Release|Win32
		{027A0C69-77A5-4E61-949C-A834F0525216}.Debug|Any CPU.ActiveCfg = Debug|Win32
		{027A0C69-77A5-4E61-949C-A834F0525216}.Debug|x64.ActiveCfg = Debug|x64
		{027A0C69-77A5-4E61-949C-A834F0525216}.Debug|x64.Build.0 = Debug|x64
		{027A0C69-77A5-4E61-949C-A834F0525216}.Debug|x86.ActiveCfg = Debug|Win32
		{027A0C69-77A5-4E61-949C-A834F0525216}.Debug|x86.Build.0 = Debug|Win32
		{027A0C69-77A5-4E61-949C-A834F0525216}.Release|Any CPU.ActiveCfg = Release|Win32
		{027A0C69-77A5-4E61-949C-A834F0525216}.Release|x64.ActiveCfg = Release|x64
		{027A0C69-77A5-4E61-949C-A834F0525216}.Release|x64.Build.0 = Release|x64
		{027A0C69-77A5-4E61-949C-A834F0525216}.Release|x86.ActiveCfg = Release|Win32
		{027A0C69-77A5-4E61-949C-A834F0525216}.Release|x86.Build.0 = Release|Win32
		{FD04F2E2-DA2F-4C84-AA74-D9FCCDBD1BF0}.Debug|Any CPU.ActiveCfg = Debug|Win32
		{FD04F2E2-DA2F-4C84-AA74-D9FCCDBD1BF0}.Debug|x64.ActiveCfg = Debug|x64
		{FD04F2E2-DA2F-4C84-AA74-D9FCCDBD1BF0}.Debug|x64.Build.0 = Debug|x64
		{FD04F2E2-DA2F-4C84-AA74-D9FCCDBD1BF0}.Debug|x86.ActiveCfg = Debug|Win32
		{FD04F2E2-DA2F-4C84-AA74-D9FCCDBD1BF0}.Debug|x86.Build.0 = Debug|Win32
		{FD04F2E2-DA2F-4C84-AA74-D9FCCDBD1BF0}.Release|Any CPU.ActiveCfg = Release|Win32
		{FD04F2E2-DA2F-4C84-AA74-D9FCCDBD1BF0}.Release|x64.ActiveCfg = Release|x64
		{FD04F2E2-DA2F-4C84-AA74-D9FCCDBD1BF0}.Release|x64.Build.0 = Release|x64
		{FD04F2E2-DA2F-4C84-AA74-D9FCCDBD1BF0}.Release|x86.ActiveCfg = Release|Win32
		{FD04F2E2-DA2F-4C84-AA74-D9FCCDBD1BF0}.Release|x86.Build.0 = Release|Win32
		{ADD5350F-D378-4D78-93CB-A6AF22907FCD}.Debug|Any CPU.ActiveCfg = Debug|Win32
		{ADD5350F-D378-4D78-93CB-A6AF22907FCD}.Debug|x64.ActiveCfg = Debug|x64
		{ADD5350F-D378-4D78-93CB-A6AF22907FCD}.Debug|x64.Build.0 = Debug|x64
		{ADD5350F-D378-4D78-93CB-A6AF22907FCD}.Debug|x86.ActiveCfg = Debug|Win32
		{ADD5350F-D378-4D78-93CB-A6AF22907FCD}.Debug|x86.Build.0 = Debug|Win32
		{ADD5350F-D378-4D78-93CB-A6AF22907FCD}.Release|Any CPU.ActiveCfg = Release|Win32
		{ADD5350F-D378-4D78-93CB-A6AF22907FCD}.Release|x64.ActiveCfg = Release|x64
		{ADD5350F-D378-4D78-93CB-A6AF22907FCD}.Release|x64.Build.0 = Release|x64
		{ADD5350F-D378-4D78-93CB-A6AF22907FCD}.Release|x86.ActiveCfg = Release|Win32
		{ADD5350F-D378-4D78-93CB-A6AF22907FCD}.Release|x86.Build.0 = Release|Win32
	EndGlobalSection
	GlobalSection(SolutionProperties) = preSolution
		HideSolutionNode = FALSE
	EndGlobalSection
	GlobalSection(NestedProjects) = preSolution
		{32D9A3BD-D68A-4F71-AB5A-7B855A5D7600} = {C161F7C4-B228-4386-9F26-47709708DF07}
		{ADD5350F-D378-4D78-93CB-A6AF22907FCD} = {C161F7C4-B228-4386-9F26-47709708DF07}
	EndGlobalSection
EndGlobal
