<?xml version="1.0" encoding="utf-8"?>
<Project ToolsVersion="4.0" xmlns="http://schemas.microsoft.com/developer/msbuild/2003">
  <ItemGroup>
    <Filter Include="Source Files">
      <UniqueIdentifier>{4FC737F1-C7A5-4376-A066-2A32D752A2FF}</UniqueIdentifier>
      <Extensions>cpp;c;cc;cxx;def;odl;idl;hpj;bat;asm;asmx</Extensions>
    </Filter>
    <Filter Include="Header Files">
      <UniqueIdentifier>{93995380-89BD-4b04-88EB-625FBE52EBFB}</UniqueIdentifier>
      <Extensions>h;hh;hpp;hxx;hm;inl;inc;xsd</Extensions>
    </Filter>
    <Filter Include="Resource Files">
      <UniqueIdentifier>{67DA6AB6-F800-4c08-8B7A-83BB121AAD01}</UniqueIdentifier>
      <Extensions>rc;ico;cur;bmp;dlg;rc2;rct;bin;rgs;gif;jpg;jpeg;jpe;resx;tiff;tif;png;wav;mfcribbon-ms</Extensions>
    </Filter>
    <Filter Include="Shaders">
      <UniqueIdentifier>{7eaab3c1-f93f-4846-8c8e-457e634d21c0}</UniqueIdentifier>
    </Filter>
    <Filter Include="Shaders\pipeline">
      <UniqueIdentifier>{2fac8d3f-0ef0-44eb-aaba-6bb3437a7794}</UniqueIdentifier>
    </Filter>
    <Filter Include="Header Files\Shared">
      <UniqueIdentifier>{6db8cfc7-3e71-4e52-a7da-577ba3478c22}</UniqueIdentifier>
    </Filter>
    <Filter Include="Shaders\renderer">
      <UniqueIdentifier>{c6bddc9b-83c0-4ae8-9a30-39c7b30fad89}</UniqueIdentifier>
    </Filter>
    <Filter Include="Shaders\surface">
      <UniqueIdentifier>{60872dcc-05c3-485f-a5d4-2c3a880dbced}</UniqueIdentifier>
    </Filter>
    <Filter Include="Shaders\occlusion-culling">
      <UniqueIdentifier>{e6f9f44b-b14b-4304-8b6a-b2a30446541c}</UniqueIdentifier>
    </Filter>
  </ItemGroup>
  <ItemGroup>
    <ClCompile Include="renderer.cpp">
      <Filter>Source Files</Filter>
    </ClCompile>
    <ClCompile Include="patch_pipeline.cpp">
      <Filter>Source Files</Filter>
    </ClCompile>
  </ItemGroup>
  <ItemGroup>
    <ClInclude Include="renderer.h">
      <Filter>Header Files</Filter>
    </ClInclude>
    <ClInclude Include="patch_pipeline.h">
      <Filter>Header Files</Filter>
    </ClInclude>
    <ClInclude Include="constants.h">
      <Filter>Header Files</Filter>
    </ClInclude>
    <ClInclude Include="stride.h">
      <Filter>Header Files\Shared</Filter>
    </ClInclude>
    <ClInclude Include="patch_data.h">
      <Filter>Header Files\Shared</Filter>
    </ClInclude>
    <ClInclude Include="is_glsl.h">
      <Filter>Header Files\Shared</Filter>
    </ClInclude>
  </ItemGroup>
  <ItemGroup>
    <CustomBuild Include="planet_shader_frag.glsl">
      <Filter>Shaders</Filter>
    </CustomBuild>
    <CustomBuild Include="planet_shader_vert.glsl">
      <Filter>Shaders</Filter>
    </CustomBuild>
    <CustomBuild Include="mesh_gen.glsl">
      <Filter>Shaders\pipeline</Filter>
    </CustomBuild>
    <CustomBuild Include="vertex_gen.glsl">
      <Filter>Shaders\pipeline</Filter>
    </CustomBuild>
    <CustomBuild Include="max.glsl">
      <Filter>Shaders\pipeline</Filter>
    </CustomBuild>
    <CustomBuild Include="length.glsl">
      <Filter>Shaders\pipeline</Filter>
    </CustomBuild>
    <CustomBuild Include="command_update.glsl">
      <Filter>Shaders\renderer</Filter>
    </CustomBuild>
    <CustomBuild Include="get_pos.glsl">
      <Filter>Shaders\pipeline</Filter>
    </CustomBuild>
    <CustomBuild Include="compact.glsl">
      <Filter>Shaders\pipeline</Filter>
    </CustomBuild>
  </ItemGroup>
  <ItemGroup>
    <None Include="noise.glsl">
      <Filter>Shaders\pipeline</Filter>
    </None>
    <None Include="patch_subdivide.glsl">
      <Filter>Shaders\surface</Filter>
    </None>
    <None Include="occludee-frag.glsl">
      <Filter>Shaders\occlusion-culling</Filter>
    </None>
    <None Include="occludee-vert.glsl">
      <Filter>Shaders\occlusion-culling</Filter>
    </None>
    <None Include="occluder-vert.glsl">
      <Filter>Shaders\occlusion-culling</Filter>
    </None>
    <None Include="occluder-geom.glsl">
      <Filter>Shaders\occlusion-culling</Filter>
    </None>
  </ItemGroup>
</Project>