<?xml version="1.0" encoding="utf-8"?>
<Project ToolsVersion="4.0" xmlns="http://schemas.microsoft.com/developer/msbuild/2003">
  <ItemGroup>
    <Filter Include="Source Files">
      <UniqueIdentifier>{4FC737F1-C7A5-4376-A066-2A32D752A2FF}</UniqueIdentifier>
      <Extensions>cpp;c;cc;cxx;def;odl;idl;hpj;bat;asm;asmx</Extensions>
    </Filter>
    <Filter Include="Header Files">
      <UniqueIdentifier>{93995380-89BD-4b04-88EB-625FBE52EBFB}</UniqueIdentifier>
      <Extensions>h;hh;hpp;hxx;hm;inl;inc;xsd</Extensions>
    </Filter>
    <Filter Include="Resource Files">
      <UniqueIdentifier>{67DA6AB6-F800-4c08-8B7A-83BB121AAD01}</UniqueIdentifier>
      <Extensions>rc;ico;cur;bmp;dlg;rc2;rct;bin;rgs;gif;jpg;jpeg;jpe;resx;tiff;tif;png;wav;mfcribbon-ms</Extensions>
    </Filter>
    <Filter Include="Shader Files">
      <UniqueIdentifier>{627207f1-6d1a-425f-b3e7-c3e21aec1de3}</UniqueIdentifier>
    </Filter>
    <Filter Include="Header Files\Shared">
      <UniqueIdentifier>{c75dc93e-5116-4161-b81e-5895b4bde78b}</UniqueIdentifier>
    </Filter>
    <Filter Include="Shader Files\include">
      <UniqueIdentifier>{180df57b-528e-4de0-bc0a-1d3bc924192e}</UniqueIdentifier>
    </Filter>
    <Filter Include="Shader Files\update">
      <UniqueIdentifier>{02e71496-daa4-4319-8473-155a53fefef7}</UniqueIdentifier>
    </Filter>
    <Filter Include="Shader Files\generation">
      <UniqueIdentifier>{e41e4990-5e79-430c-a828-4607b8e3d086}</UniqueIdentifier>
    </Filter>
  </ItemGroup>
  <ItemGroup>
    <ClInclude Include="planet.h">
      <Filter>Header Files</Filter>
    </ClInclude>
    <ClInclude Include="memmgr.h">
      <Filter>Header Files</Filter>
    </ClInclude>
    <ClInclude Include="managed_buffer.h">
      <Filter>Header Files</Filter>
    </ClInclude>
    <ClInclude Include="patch_data.h">
      <Filter>Header Files</Filter>
    </ClInclude>
    <ClInclude Include="stride.h">
      <Filter>Header Files\Shared</Filter>
    </ClInclude>
    <ClInclude Include="free_list.h">
      <Filter>Header Files</Filter>
    </ClInclude>
  </ItemGroup>
  <ItemGroup>
    <ClCompile Include="memmgr.cpp">
      <Filter>Source Files</Filter>
    </ClCompile>
    <ClCompile Include="planet.cpp">
      <Filter>Source Files</Filter>
    </ClCompile>
    <ClCompile Include="managed_buffer.cpp">
      <Filter>Source Files</Filter>
    </ClCompile>
  </ItemGroup>
  <ItemGroup>
    <None Include="noise.glsl">
      <Filter>Shader Files\include</Filter>
    </None>
  </ItemGroup>
  <ItemGroup>
    <CustomBuild Include="merge_update.glsl">
      <Filter>Shader Files\update</Filter>
    </CustomBuild>
    <CustomBuild Include="subdivide_update.glsl">
      <Filter>Shader Files\update</Filter>
    </CustomBuild>
    <CustomBuild Include="calc_pos.glsl">
      <Filter>Shader Files\generation</Filter>
    </CustomBuild>
    <CustomBuild Include="patch_data.glsl">
      <Filter>Shader Files\include</Filter>
    </CustomBuild>
    <CustomBuild Include="vertex_gen.glsl">
      <Filter>Shader Files\generation</Filter>
    </CustomBuild>
    <CustomBuild Include="length.glsl">
      <Filter>Shader Files\generation</Filter>
    </CustomBuild>
    <CustomBuild Include="max.glsl">
      <Filter>Shader Files\generation</Filter>
    </CustomBuild>
    <CustomBuild Include="mesh_gen.glsl">
      <Filter>Shader Files\generation</Filter>
    </CustomBuild>
  </ItemGroup>
</Project>